
Microsoft Visual Studio Solution File, Format Version 12.00
Project("{FAE04EC0-301F-11D3-BF4B-00C04F79EFBC}") = "SocketCommunication", "SocketCommunication\SocketCommunication.csproj", "{979F9A13-5222-47A5-A4AA-1BBAA2B15985}"
EndProject
Global
	GlobalSection(SolutionConfigurationPlatforms) = preSolution
		Debug|Any CPU = Debug|Any CPU
		Release|Any CPU = Release|Any CPU
	EndGlobalSection
	GlobalSection(ProjectConfigurationPlatforms) = postSolution
		{979F9A13-5222-47A5-A4AA-1BBAA2B15985}.Debug|Any CPU.ActiveCfg = Debug|Any CPU
		{979F9A13-5222-47A5-A4AA-1BBAA2B15985}.Debug|Any CPU.Build.0 = Debug|Any CPU
		{979F9A13-5222-47A5-A4AA-1BBAA2B15985}.Release|Any CPU.ActiveCfg = Release|Any CPU
		{979F9A13-5222-47A5-A4AA-1BBAA2B15985}.Release|Any CPU.Build.0 = Release|Any CPU
	EndGlobalSection
EndGlobal
